
Microsoft Visual Studio Solution File, Format Version 12.00
# Visual Studio 15
VisualStudioVersion = 15.0.28307.1169
MinimumVisualStudioVersion = 10.0.40219.1
Project("{FAE04EC0-301F-11D3-BF4B-00C04F79EFBC}") = "DocumentIndexer", "DocumentIndexer\DocumentIndexer.csproj", "{D45CFACE-EC1C-4F7E-BFB3-4D657B99997E}"
EndProject
Project("{FAE04EC0-301F-11D3-BF4B-00C04F79EFBC}") = "DocumentIndexer2", "DocumentIndexer2\DocumentIndexer2.csproj", "{412C3782-4390-437D-9851-13068FAB2B68}"
EndProject
Project("{FAE04EC0-301F-11D3-BF4B-00C04F79EFBC}") = "DocumentIndexer3", "DocumentIndexer3\DocumentIndexer3.csproj", "{E3234188-F9E7-4035-8AA0-E7957C7497B7}"
EndProject
Global
	GlobalSection(SolutionConfigurationPlatforms) = preSolution
		Debug|Any CPU = Debug|Any CPU
		Release|Any CPU = Release|Any CPU
	EndGlobalSection
	GlobalSection(ProjectConfigurationPlatforms) = postSolution
		{D45CFACE-EC1C-4F7E-BFB3-4D657B99997E}.Debug|Any CPU.ActiveCfg = Debug|Any CPU
		{D45CFACE-EC1C-4F7E-BFB3-4D657B99997E}.Debug|Any CPU.Build.0 = Debug|Any CPU
		{D45CFACE-EC1C-4F7E-BFB3-4D657B99997E}.Release|Any CPU.ActiveCfg = Release|Any CPU
		{D45CFACE-EC1C-4F7E-BFB3-4D657B99997E}.Release|Any CPU.Build.0 = Release|Any CPU
		{412C3782-4390-437D-9851-13068FAB2B68}.Debug|Any CPU.ActiveCfg = Debug|Any CPU
		{412C3782-4390-437D-9851-13068FAB2B68}.Debug|Any CPU.Build.0 = Debug|Any CPU
		{412C3782-4390-437D-9851-13068FAB2B68}.Release|Any CPU.ActiveCfg = Release|Any CPU
		{412C3782-4390-437D-9851-13068FAB2B68}.Release|Any CPU.Build.0 = Release|Any CPU
		{E3234188-F9E7-4035-8AA0-E7957C7497B7}.Debug|Any CPU.ActiveCfg = Debug|Any CPU
		{E3234188-F9E7-4035-8AA0-E7957C7497B7}.Debug|Any CPU.Build.0 = Debug|Any CPU
		{E3234188-F9E7-4035-8AA0-E7957C7497B7}.Release|Any CPU.ActiveCfg = Release|Any CPU
		{E3234188-F9E7-4035-8AA0-E7957C7497B7}.Release|Any CPU.Build.0 = Release|Any CPU
	EndGlobalSection
	GlobalSection(SolutionProperties) = preSolution
		HideSolutionNode = FALSE
	EndGlobalSection
	GlobalSection(ExtensibilityGlobals) = postSolution
		SolutionGuid = {F2704AB6-711D-4957-A043-EA07D34E47B6}
	EndGlobalSection
EndGlobal
