
Microsoft Visual Studio Solution File, Format Version 12.00
# Visual Studio Version 16
VisualStudioVersion = 16.0.30711.63
MinimumVisualStudioVersion = 10.0.40219.1
Project("{FAE04EC0-301F-11D3-BF4B-00C04F79EFBC}") = "DocumentIndexer", "DocumentIndexer\DocumentIndexer.csproj", "{D45CFACE-EC1C-4F7E-BFB3-4D657B99997E}"
EndProject
Project("{FAE04EC0-301F-11D3-BF4B-00C04F79EFBC}") = "DocumentIndexer2", "DocumentIndexer2\DocumentIndexer2.csproj", "{412C3782-4390-437D-9851-13068FAB2B68}"
EndProject
Project("{FAE04EC0-301F-11D3-BF4B-00C04F79EFBC}") = "DocumentIndexer3", "DocumentIndexer3\DocumentIndexer3.csproj", "{E3234188-F9E7-4035-8AA0-E7957C7497B7}"
EndProject
Project("{FAE04EC0-301F-11D3-BF4B-00C04F79EFBC}") = "DocumentIndexer4", "DocumentIndexer4\DocumentIndexer4.csproj", "{1BF3B60F-3191-4FAA-BD2F-D39D7B217852}"
EndProject
Project("{FAE04EC0-301F-11D3-BF4B-00C04F79EFBC}") = "DocumentIndexer5", "DocumentIndexer5\DocumentIndexer5.csproj", "{F366D9DC-48A5-4612-BB34-C13EB0F5A787}"
EndProject
Project("{FAE04EC0-301F-11D3-BF4B-00C04F79EFBC}") = "DocumentIndexer6", "DocumentIndexer6\DocumentIndexer6.csproj", "{DB166FB5-C38D-4178-83B0-12FB6B725394}"
EndProject
Project("{FAE04EC0-301F-11D3-BF4B-00C04F79EFBC}") = "DocumentIndexer7", "DocumentIndexer7\DocumentIndexer7.csproj", "{91F9DF6C-0874-4BB5-BEF7-C86E04139AB7}"
EndProject
Global
	GlobalSection(SolutionConfigurationPlatforms) = preSolution
		Debug|Any CPU = Debug|Any CPU
		Release|Any CPU = Release|Any CPU
	EndGlobalSection
	GlobalSection(ProjectConfigurationPlatforms) = postSolution
		{D45CFACE-EC1C-4F7E-BFB3-4D657B99997E}.Debug|Any CPU.ActiveCfg = Debug|Any CPU
		{D45CFACE-EC1C-4F7E-BFB3-4D657B99997E}.Debug|Any CPU.Build.0 = Debug|Any CPU
		{D45CFACE-EC1C-4F7E-BFB3-4D657B99997E}.Release|Any CPU.ActiveCfg = Release|Any CPU
		{D45CFACE-EC1C-4F7E-BFB3-4D657B99997E}.Release|Any CPU.Build.0 = Release|Any CPU
		{412C3782-4390-437D-9851-13068FAB2B68}.Debug|Any CPU.ActiveCfg = Debug|Any CPU
		{412C3782-4390-437D-9851-13068FAB2B68}.Debug|Any CPU.Build.0 = Debug|Any CPU
		{412C3782-4390-437D-9851-13068FAB2B68}.Release|Any CPU.ActiveCfg = Release|Any CPU
		{412C3782-4390-437D-9851-13068FAB2B68}.Release|Any CPU.Build.0 = Release|Any CPU
		{E3234188-F9E7-4035-8AA0-E7957C7497B7}.Debug|Any CPU.ActiveCfg = Debug|Any CPU
		{E3234188-F9E7-4035-8AA0-E7957C7497B7}.Debug|Any CPU.Build.0 = Debug|Any CPU
		{E3234188-F9E7-4035-8AA0-E7957C7497B7}.Release|Any CPU.ActiveCfg = Release|Any CPU
		{E3234188-F9E7-4035-8AA0-E7957C7497B7}.Release|Any CPU.Build.0 = Release|Any CPU
		{1BF3B60F-3191-4FAA-BD2F-D39D7B217852}.Debug|Any CPU.ActiveCfg = Debug|Any CPU
		{1BF3B60F-3191-4FAA-BD2F-D39D7B217852}.Debug|Any CPU.Build.0 = Debug|Any CPU
		{1BF3B60F-3191-4FAA-BD2F-D39D7B217852}.Release|Any CPU.ActiveCfg = Release|Any CPU
		{1BF3B60F-3191-4FAA-BD2F-D39D7B217852}.Release|Any CPU.Build.0 = Release|Any CPU
		{F366D9DC-48A5-4612-BB34-C13EB0F5A787}.Debug|Any CPU.ActiveCfg = Debug|Any CPU
		{F366D9DC-48A5-4612-BB34-C13EB0F5A787}.Debug|Any CPU.Build.0 = Debug|Any CPU
		{F366D9DC-48A5-4612-BB34-C13EB0F5A787}.Release|Any CPU.ActiveCfg = Release|Any CPU
		{F366D9DC-48A5-4612-BB34-C13EB0F5A787}.Release|Any CPU.Build.0 = Release|Any CPU
		{DB166FB5-C38D-4178-83B0-12FB6B725394}.Debug|Any CPU.ActiveCfg = Debug|Any CPU
		{DB166FB5-C38D-4178-83B0-12FB6B725394}.Debug|Any CPU.Build.0 = Debug|Any CPU
		{DB166FB5-C38D-4178-83B0-12FB6B725394}.Release|Any CPU.ActiveCfg = Release|Any CPU
		{DB166FB5-C38D-4178-83B0-12FB6B725394}.Release|Any CPU.Build.0 = Release|Any CPU
		{91F9DF6C-0874-4BB5-BEF7-C86E04139AB7}.Debug|Any CPU.ActiveCfg = Debug|Any CPU
		{91F9DF6C-0874-4BB5-BEF7-C86E04139AB7}.Debug|Any CPU.Build.0 = Debug|Any CPU
		{91F9DF6C-0874-4BB5-BEF7-C86E04139AB7}.Release|Any CPU.ActiveCfg = Release|Any CPU
		{91F9DF6C-0874-4BB5-BEF7-C86E04139AB7}.Release|Any CPU.Build.0 = Release|Any CPU
	EndGlobalSection
	GlobalSection(SolutionProperties) = preSolution
		HideSolutionNode = FALSE
	EndGlobalSection
	GlobalSection(ExtensibilityGlobals) = postSolution
		SolutionGuid = {F2704AB6-711D-4957-A043-EA07D34E47B6}
	EndGlobalSection
EndGlobal
